# This file is automatically @generated by Cargo.
# It is not intended for manual editing.
version = 3

[[package]]
name = "brainfuck-from-text"
version = "0.1.1"
dependencies = [
 "brainfuck-interpreter",
]

[[package]]
name = "brainfuck-interpreter"
version = "0.4.0"
source = "git+https://github.com/TyomoGit/brainfuck-interpreter-rs.git#221060d8e8e36fb4444f65bc294b723d83efad83"
