# This file is automatically @generated by Cargo.
# It is not intended for manual editing.
version = 3

[[package]]
name = "brainfuck-from-text"
version = "0.1.0"
dependencies = [
 "brainfuck-interpreter",
]

[[package]]
name = "brainfuck-interpreter"
version = "0.3.2"
source = "git+https://github.com/TyomoGit/brainfuck-interpreter-rs.git#47d5803c9f5fec0fac3921f6b221070436e561f2"
