# This file is automatically @generated by Cargo.
# It is not intended for manual editing.
version = 3

[[package]]
name = "brainfuck-from-text"
version = "0.2.0"
dependencies = [
 "brainfuck-interpreter",
]

[[package]]
name = "brainfuck-interpreter"
version = "0.5.0"
source = "git+https://github.com/TyomoGit/brainfuck-interpreter-rs.git#2419e6b988b46a7679ead45792ed656da08a9d9f"
